
Microsoft Visual Studio Solution File, Format Version 12.00
# Visual Studio Version 17
VisualStudioVersion = 17.14.37012.4 d17.14
MinimumVisualStudioVersion = 10.0.40219.1
Project("{FAE04EC0-301F-11D3-BF4B-00C04F79EFBC}") = "Lab1", "Lab6\Lab1.csproj", "{40F7089A-133A-476C-B004-76D9870CAEF8}"
EndProject
Project("{FAE04EC0-301F-11D3-BF4B-00C04F79EFBC}") = "StarAdapterPlugin", "StarAdapterPlugin\StarAdapterPlugin.csproj", "{B1234567-ABCD-1234-ABCD-000000000001}"
EndProject
Project("{FAE04EC0-301F-11D3-BF4B-00C04F79EFBC}") = "Lab4_StarPlugin", "Lab4_StarPlugin\StarPlugin.csproj", "{B1234567-ABCD-1234-ABCD-000000000002}"
EndProject
Project("{FAE04EC0-301F-11D3-BF4B-00C04F79EFBC}") = "Lab4_HeartPlugin", "Lab4_HeartPlugin\HeartPlugin.csproj", "{B1234567-ABCD-1234-ABCD-000000000003}"
EndProject
Project("{FAE04EC0-301F-11D3-BF4B-00C04F79EFBC}") = "Lab5_Base64Plugin", "Lab5_Base64Plugin\Base64Plugin.csproj", "{B1234567-ABCD-1234-ABCD-000000000004}"
EndProject
Project("{FAE04EC0-301F-11D3-BF4B-00C04F79EFBC}") = "Lab5_ChecksumPlugin", "Lab5_ChecksumPlugin\ChecksumPlugin.csproj", "{B1234567-ABCD-1234-ABCD-000000000005}"
EndProject
Project("{FAE04EC0-301F-11D3-BF4B-00C04F79EFBC}") = "Lab5_EncryptPlugin", "Lab5_EncryptPlugin\XorEncryptPlugin.csproj", "{B1234567-ABCD-1234-ABCD-000000000006}"
EndProject

Global
	GlobalSection(SolutionConfigurationPlatforms) = preSolution
		Debug|Any CPU = Debug|Any CPU
		Release|Any CPU = Release|Any CPU
	EndGlobalSection
	GlobalSection(ProjectConfigurationPlatforms) = postSolution
		{40F7089A-133A-476C-B004-76D9870CAEF8}.Debug|Any CPU.ActiveCfg = Debug|Any CPU
		{40F7089A-133A-476C-B004-76D9870CAEF8}.Debug|Any CPU.Build.0 = Debug|Any CPU
		{40F7089A-133A-476C-B004-76D9870CAEF8}.Release|Any CPU.ActiveCfg = Release|Any CPU
		{40F7089A-133A-476C-B004-76D9870CAEF8}.Release|Any CPU.Build.0 = Release|Any CPU
		{B1234567-ABCD-1234-ABCD-000000000001}.Debug|Any CPU.ActiveCfg = Debug|Any CPU
		{B1234567-ABCD-1234-ABCD-000000000001}.Debug|Any CPU.Build.0 = Debug|Any CPU
		{B1234567-ABCD-1234-ABCD-000000000001}.Release|Any CPU.ActiveCfg = Release|Any CPU
		{B1234567-ABCD-1234-ABCD-000000000001}.Release|Any CPU.Build.0 = Release|Any CPU
		{B1234567-ABCD-1234-ABCD-000000000002}.Debug|Any CPU.ActiveCfg = Debug|Any CPU
		{B1234567-ABCD-1234-ABCD-000000000002}.Debug|Any CPU.Build.0 = Debug|Any CPU
		{B1234567-ABCD-1234-ABCD-000000000002}.Release|Any CPU.ActiveCfg = Release|Any CPU
		{B1234567-ABCD-1234-ABCD-000000000002}.Release|Any CPU.Build.0 = Release|Any CPU
		{B1234567-ABCD-1234-ABCD-000000000003}.Debug|Any CPU.ActiveCfg = Debug|Any CPU
		{B1234567-ABCD-1234-ABCD-000000000003}.Debug|Any CPU.Build.0 = Debug|Any CPU
		{B1234567-ABCD-1234-ABCD-000000000003}.Release|Any CPU.ActiveCfg = Release|Any CPU
		{B1234567-ABCD-1234-ABCD-000000000003}.Release|Any CPU.Build.0 = Release|Any CPU
		{B1234567-ABCD-1234-ABCD-000000000004}.Debug|Any CPU.ActiveCfg = Debug|Any CPU
		{B1234567-ABCD-1234-ABCD-000000000004}.Debug|Any CPU.Build.0 = Debug|Any CPU
		{B1234567-ABCD-1234-ABCD-000000000004}.Release|Any CPU.ActiveCfg = Release|Any CPU
		{B1234567-ABCD-1234-ABCD-000000000004}.Release|Any CPU.Build.0 = Release|Any CPU
		{B1234567-ABCD-1234-ABCD-000000000005}.Debug|Any CPU.ActiveCfg = Debug|Any CPU
		{B1234567-ABCD-1234-ABCD-000000000005}.Debug|Any CPU.Build.0 = Debug|Any CPU
		{B1234567-ABCD-1234-ABCD-000000000005}.Release|Any CPU.ActiveCfg = Release|Any CPU
		{B1234567-ABCD-1234-ABCD-000000000005}.Release|Any CPU.Build.0 = Release|Any CPU
		{B1234567-ABCD-1234-ABCD-000000000006}.Debug|Any CPU.ActiveCfg = Debug|Any CPU
		{B1234567-ABCD-1234-ABCD-000000000006}.Debug|Any CPU.Build.0 = Debug|Any CPU
		{B1234567-ABCD-1234-ABCD-000000000006}.Release|Any CPU.ActiveCfg = Release|Any CPU
		{B1234567-ABCD-1234-ABCD-000000000006}.Release|Any CPU.Build.0 = Release|Any CPU

	EndGlobalSection
	GlobalSection(SolutionProperties) = preSolution
		HideSolutionNode = FALSE
	EndGlobalSection
	GlobalSection(ExtensibilityGlobals) = postSolution
		SolutionGuid = {ED6C2D54-CF8A-4804-A694-1ABE162606D8}
	EndGlobalSection
EndGlobal
